// !$*UTF8*$!
{
	archiveVersion = 1;
	classes = {
	};
	objectVersion = 46;
	objects = {

/* Begin PBXBuildFile section */
		554E72CF1B4CD4FF00BD1F0B /* AppDelegate.swift in Sources */ = {isa = PBXBuildFile; fileRef = 554E72CE1B4CD4FF00BD1F0B /* AppDelegate.swift */; };
		554E72D11B4CD4FF00BD1F0B /* ViewController.swift in Sources */ = {isa = PBXBuildFile; fileRef = 554E72D01B4CD4FF00BD1F0B /* ViewController.swift */; };
		554E72D41B4CD4FF00BD1F0B /* Main.storyboard in Resources */ = {isa = PBXBuildFile; fileRef = 554E72D21B4CD4FF00BD1F0B /* Main.storyboard */; };
		554E72D61B4CD4FF00BD1F0B /* Images.xcassets in Resources */ = {isa = PBXBuildFile; fileRef = 554E72D51B4CD4FF00BD1F0B /* Images.xcassets */; };
		554E72D91B4CD4FF00BD1F0B /* LaunchScreen.xib in Resources */ = {isa = PBXBuildFile; fileRef = 554E72D71B4CD4FF00BD1F0B /* LaunchScreen.xib */; };
		554E72E51B4CD4FF00BD1F0B /* FMProgressBarViewDemoTests.swift in Sources */ = {isa = PBXBuildFile; fileRef = 554E72E41B4CD4FF00BD1F0B /* FMProgressBarViewDemoTests.swift */; };
/* End PBXBuildFile section */

/* Begin PBXContainerItemProxy section */
		554E72DF1B4CD4FF00BD1F0B /* PBXContainerItemProxy */ = {
			isa = PBXContainerItemProxy;
			containerPortal = 554E72C11B4CD4FF00BD1F0B /* Project object */;
			proxyType = 1;
			remoteGlobalIDString = 554E72C81B4CD4FF00BD1F0B;
			remoteInfo = FMProgressBarViewDemo;
		};
/* End PBXContainerItemProxy section */

/* Begin PBXFileReference section */
		554E72C91B4CD4FF00BD1F0B /* FMProgressBarViewDemo.app */ = {isa = PBXFileReference; explicitFileType = wrapper.application; includeInIndex = 0; path = FMProgressBarViewDemo.app; sourceTree = BUILT_PRODUCTS_DIR; };
		554E72CD1B4CD4FF00BD1F0B /* Info.plist */ = {isa = PBXFileReference; lastKnownFileType = text.plist.xml; path = Info.plist; sourceTree = "<group>"; };
		554E72CE1B4CD4FF00BD1F0B /* AppDelegate.swift */ = {isa = PBXFileReference; lastKnownFileType = sourcecode.swift; path = AppDelegate.swift; sourceTree = "<group>"; };
		554E72D01B4CD4FF00BD1F0B /* ViewController.swift */ = {isa = PBXFileReference; lastKnownFileType = sourcecode.swift; path = ViewController.swift; sourceTree = "<group>"; };
		554E72D31B4CD4FF00BD1F0B /* Base */ = {isa = PBXFileReference; lastKnownFileType = file.storyboard; name = Base; path = Base.lproj/Main.storyboard; sourceTree = "<group>"; };
		554E72D51B4CD4FF00BD1F0B /* Images.xcassets */ = {isa = PBXFileReference; lastKnownFileType = folder.assetcatalog; path = Images.xcassets; sourceTree = "<group>"; };
		554E72D81B4CD4FF00BD1F0B /* Base */ = {isa = PBXFileReference; lastKnownFileType = file.xib; name = Base; path = Base.lproj/LaunchScreen.xib; sourceTree = "<group>"; };
		554E72DE1B4CD4FF00BD1F0B /* FMProgressBarViewDemoTests.xctest */ = {isa = PBXFileReference; explicitFileType = wrapper.cfbundle; includeInIndex = 0; path = FMProgressBarViewDemoTests.xctest; sourceTree = BUILT_PRODUCTS_DIR; };
		554E72E31B4CD4FF00BD1F0B /* Info.plist */ = {isa = PBXFileReference; lastKnownFileType = text.plist.xml; path = Info.plist; sourceTree = "<group>"; };
		554E72E41B4CD4FF00BD1F0B /* FMProgressBarViewDemoTests.swift */ = {isa = PBXFileReference; lastKnownFileType = sourcecode.swift; path = FMProgressBarViewDemoTests.swift; sourceTree = "<group>"; };
/* End PBXFileReference section */

/* Begin PBXFrameworksBuildPhase section */
		554E72C61B4CD4FF00BD1F0B /* Frameworks */ = {
			isa = PBXFrameworksBuildPhase;
			buildActionMask = 2147483647;
			files = (
			);
			runOnlyForDeploymentPostprocessing = 0;
		};
		554E72DB1B4CD4FF00BD1F0B /* Frameworks */ = {
			isa = PBXFrameworksBuildPhase;
			buildActionMask = 2147483647;
			files = (
			);
			runOnlyForDeploymentPostprocessing = 0;
		};
/* End PBXFrameworksBuildPhase section */

/* Begin PBXGroup section */
		554E72C01B4CD4FF00BD1F0B = {
			isa = PBXGroup;
			children = (
				554E72CB1B4CD4FF00BD1F0B /* FMProgressBarViewDemo */,
				554E72E11B4CD4FF00BD1F0B /* FMProgressBarViewDemoTests */,
				554E72CA1B4CD4FF00BD1F0B /* Products */,
			);
			sourceTree = "<group>";
		};
		554E72CA1B4CD4FF00BD1F0B /* Products */ = {
			isa = PBXGroup;
			children = (
				554E72C91B4CD4FF00BD1F0B /* FMProgressBarViewDemo.app */,
				554E72DE1B4CD4FF00BD1F0B /* FMProgressBarViewDemoTests.xctest */,
			);
			name = Products;
			sourceTree = "<group>";
		};
		554E72CB1B4CD4FF00BD1F0B /* FMProgressBarViewDemo */ = {
			isa = PBXGroup;
			children = (
				554E72CE1B4CD4FF00BD1F0B /* AppDelegate.swift */,
				554E72D01B4CD4FF00BD1F0B /* ViewController.swift */,
				554E72D21B4CD4FF00BD1F0B /* Main.storyboard */,
				554E72D51B4CD4FF00BD1F0B /* Images.xcassets */,
				554E72D71B4CD4FF00BD1F0B /* LaunchScreen.xib */,
				554E72CC1B4CD4FF00BD1F0B /* Supporting Files */,
			);
			path = FMProgressBarViewDemo;
			sourceTree = "<group>";
		};
		554E72CC1B4CD4FF00BD1F0B /* Supporting Files */ = {
			isa = PBXGroup;
			children = (
				554E72CD1B4CD4FF00BD1F0B /* Info.plist */,
			);
			name = "Supporting Files";
			sourceTree = "<group>";
		};
		554E72E11B4CD4FF00BD1F0B /* FMProgressBarViewDemoTests */ = {
			isa = PBXGroup;
			children = (
				554E72E41B4CD4FF00BD1F0B /* FMProgressBarViewDemoTests.swift */,
				554E72E21B4CD4FF00BD1F0B /* Supporting Files */,
			);
			path = FMProgressBarViewDemoTests;
			sourceTree = "<group>";
		};
		554E72E21B4CD4FF00BD1F0B /* Supporting Files */ = {
			isa = PBXGroup;
			children = (
				554E72E31B4CD4FF00BD1F0B /* Info.plist */,
			);
			name = "Supporting Files";
			sourceTree = "<group>";
		};
/* End PBXGroup section */

/* Begin PBXNativeTarget section */
		554E72C81B4CD4FF00BD1F0B /* FMProgressBarViewDemo */ = {
			isa = PBXNativeTarget;
			buildConfigurationList = 554E72E81B4CD4FF00BD1F0B /* Build configuration list for PBXNativeTarget "FMProgressBarViewDemo" */;
			buildPhases = (
				554E72C51B4CD4FF00BD1F0B /* Sources */,
				554E72C61B4CD4FF00BD1F0B /* Frameworks */,
				554E72C71B4CD4FF00BD1F0B /* Resources */,
			);
			buildRules = (
			);
			dependencies = (
			);
			name = FMProgressBarViewDemo;
			productName = FMProgressBarViewDemo;
			productReference = 554E72C91B4CD4FF00BD1F0B /* FMProgressBarViewDemo.app */;
			productType = "com.apple.product-type.application";
		};
		554E72DD1B4CD4FF00BD1F0B /* FMProgressBarViewDemoTests */ = {
			isa = PBXNativeTarget;
			buildConfigurationList = 554E72EB1B4CD4FF00BD1F0B /* Build configuration list for PBXNativeTarget "FMProgressBarViewDemoTests" */;
			buildPhases = (
				554E72DA1B4CD4FF00BD1F0B /* Sources */,
				554E72DB1B4CD4FF00BD1F0B /* Frameworks */,
				554E72DC1B4CD4FF00BD1F0B /* Resources */,
			);
			buildRules = (
			);
			dependencies = (
				554E72E01B4CD4FF00BD1F0B /* PBXTargetDependency */,
			);
			name = FMProgressBarViewDemoTests;
			productName = FMProgressBarViewDemoTests;
			productReference = 554E72DE1B4CD4FF00BD1F0B /* FMProgressBarViewDemoTests.xctest */;
			productType = "com.apple.product-type.bundle.unit-test";
		};
/* End PBXNativeTarget section */

/* Begin PBXProject section */
		554E72C11B4CD4FF00BD1F0B /* Project object */ = {
			isa = PBXProject;
			attributes = {
				LastUpgradeCheck = 0630;
				ORGANIZATIONNAME = "felipe munoz";
				TargetAttributes = {
					554E72C81B4CD4FF00BD1F0B = {
						CreatedOnToolsVersion = 6.3.2;
					};
					554E72DD1B4CD4FF00BD1F0B = {
						CreatedOnToolsVersion = 6.3.2;
						TestTargetID = 554E72C81B4CD4FF00BD1F0B;
					};
				};
			};
			buildConfigurationList = 554E72C41B4CD4FF00BD1F0B /* Build configuration list for PBXProject "FMProgressBarViewDemo" */;
			compatibilityVersion = "Xcode 3.2";
			developmentRegion = English;
			hasScannedForEncodings = 0;
			knownRegions = (
				en,
				Base,
			);
			mainGroup = 554E72C01B4CD4FF00BD1F0B;
			productRefGroup = 554E72CA1B4CD4FF00BD1F0B /* Products */;
			projectDirPath = "";
			projectRoot = "";
			targets = (
				554E72C81B4CD4FF00BD1F0B /* FMProgressBarViewDemo */,
				554E72DD1B4CD4FF00BD1F0B /* FMProgressBarViewDemoTests */,
			);
		};
/* End PBXProject section */

/* Begin PBXResourcesBuildPhase section */
		554E72C71B4CD4FF00BD1F0B /* Resources */ = {
			isa = PBXResourcesBuildPhase;
			buildActionMask = 2147483647;
			files = (
				554E72D41B4CD4FF00BD1F0B /* Main.storyboard in Resources */,
				554E72D91B4CD4FF00BD1F0B /* LaunchScreen.xib in Resources */,
				554E72D61B4CD4FF00BD1F0B /* Images.xcassets in Resources */,
			);
			runOnlyForDeploymentPostprocessing = 0;
		};
		554E72DC1B4CD4FF00BD1F0B /* Resources */ = {
			isa = PBXResourcesBuildPhase;
			buildActionMask = 2147483647;
			files = (
			);
			runOnlyForDeploymentPostprocessing = 0;
		};
/* End PBXResourcesBuildPhase section */

/* Begin PBXSourcesBuildPhase section */
		554E72C51B4CD4FF00BD1F0B /* Sources */ = {
			isa = PBXSourcesBuildPhase;
			buildActionMask = 2147483647;
			files = (
				554E72D11B4CD4FF00BD1F0B /* ViewController.swift in Sources */,
				554E72CF1B4CD4FF00BD1F0B /* AppDelegate.swift in Sources */,
			);
			runOnlyForDeploymentPostprocessing = 0;
		};
		554E72DA1B4CD4FF00BD1F0B /* Sources */ = {
			isa = PBXSourcesBuildPhase;
			buildActionMask = 2147483647;
			files = (
				554E72E51B4CD4FF00BD1F0B /* FMProgressBarViewDemoTests.swift in Sources */,
			);
			runOnlyForDeploymentPostprocessing = 0;
		};
/* End PBXSourcesBuildPhase section */

/* Begin PBXTargetDependency section */
		554E72E01B4CD4FF00BD1F0B /* PBXTargetDependency */ = {
			isa = PBXTargetDependency;
			target = 554E72C81B4CD4FF00BD1F0B /* FMProgressBarViewDemo */;
			targetProxy = 554E72DF1B4CD4FF00BD1F0B /* PBXContainerItemProxy */;
		};
/* End PBXTargetDependency section */

/* Begin PBXVariantGroup section */
		554E72D21B4CD4FF00BD1F0B /* Main.storyboard */ = {
			isa = PBXVariantGroup;
			children = (
				554E72D31B4CD4FF00BD1F0B /* Base */,
			);
			name = Main.storyboard;
			sourceTree = "<group>";
		};
		554E72D71B4CD4FF00BD1F0B /* LaunchScreen.xib */ = {
			isa = PBXVariantGroup;
			children = (
				554E72D81B4CD4FF00BD1F0B /* Base */,
			);
			name = LaunchScreen.xib;
			sourceTree = "<group>";
		};
/* End PBXVariantGroup section */

/* Begin XCBuildConfiguration section */
		554E72E61B4CD4FF00BD1F0B /* Debug */ = {
			isa = XCBuildConfiguration;
			buildSettings = {
				ALWAYS_SEARCH_USER_PATHS = NO;
				CLANG_CXX_LANGUAGE_STANDARD = "gnu++0x";
				CLANG_CXX_LIBRARY = "libc++";
				CLANG_ENABLE_MODULES = YES;
				CLANG_ENABLE_OBJC_ARC = YES;
				CLANG_WARN_BOOL_CONVERSION = YES;
				CLANG_WARN_CONSTANT_CONVERSION = YES;
				CLANG_WARN_DIRECT_OBJC_ISA_USAGE = YES_ERROR;
				CLANG_WARN_EMPTY_BODY = YES;
				CLANG_WARN_ENUM_CONVERSION = YES;
				CLANG_WARN_INT_CONVERSION = YES;
				CLANG_WARN_OBJC_ROOT_CLASS = YES_ERROR;
				CLANG_WARN_UNREACHABLE_CODE = YES;
				CLANG_WARN__DUPLICATE_METHOD_MATCH = YES;
				"CODE_SIGN_IDENTITY[sdk=iphoneos*]" = "iPhone Developer";
				COPY_PHASE_STRIP = NO;
				DEBUG_INFORMATION_FORMAT = "dwarf-with-dsym";
				ENABLE_STRICT_OBJC_MSGSEND = YES;
				GCC_C_LANGUAGE_STANDARD = gnu99;
				GCC_DYNAMIC_NO_PIC = NO;
				GCC_NO_COMMON_BLOCKS = YES;
				GCC_OPTIMIZATION_LEVEL = 0;
				GCC_PREPROCESSOR_DEFINITIONS = (
					"DEBUG=1",
					"$(inherited)",
				);
				GCC_SYMBOLS_PRIVATE_EXTERN = NO;
				GCC_WARN_64_TO_32_BIT_CONVERSION = YES;
				GCC_WARN_ABOUT_RETURN_TYPE = YES_ERROR;
				GCC_WARN_UNDECLARED_SELECTOR = YES;
				GCC_WARN_UNINITIALIZED_AUTOS = YES_AGGRESSIVE;
				GCC_WARN_UNUSED_FUNCTION = YES;
				GCC_WARN_UNUSED_VARIABLE = YES;
				IPHONEOS_DEPLOYMENT_TARGET = 8.3;
				MTL_ENABLE_DEBUG_INFO = YES;
				ONLY_ACTIVE_ARCH = YES;
				SDKROOT = iphoneos;
				SWIFT_OPTIMIZATION_LEVEL = "-Onone";
				TARGETED_DEVICE_FAMILY = "1,2";
			};
			name = Debug;
		};
		554E72E71B4CD4FF00BD1F0B /* Release */ = {
			isa = XCBuildConfiguration;
			buildSettings = {
				ALWAYS_SEARCH_USER_PATHS = NO;
				CLANG_CXX_LANGUAGE_STANDARD = "gnu++0x";
				CLANG_CXX_LIBRARY = "libc++";
				CLANG_ENABLE_MODULES = YES;
				CLANG_ENABLE_OBJC_ARC = YES;
				CLANG_WARN_BOOL_CONVERSION = YES;
				CLANG_WARN_CONSTANT_CONVERSION = YES;
				CLANG_WARN_DIRECT_OBJC_ISA_USAGE = YES_ERROR;
				CLANG_WARN_EMPTY_BODY = YES;
				CLANG_WARN_ENUM_CONVERSION = YES;
				CLANG_WARN_INT_CONVERSION = YES;
				CLANG_WARN_OBJC_ROOT_CLASS = YES_ERROR;
				CLANG_WARN_UNREACHABLE_CODE = YES;
				CLANG_WARN__DUPLICATE_METHOD_MATCH = YES;
				"CODE_SIGN_IDENTITY[sdk=iphoneos*]" = "iPhone Developer";
				COPY_PHASE_STRIP = NO;
				DEBUG_INFORMATION_FORMAT = "dwarf-with-dsym";
				ENABLE_NS_ASSERTIONS = NO;
				ENABLE_STRICT_OBJC_MSGSEND = YES;
				GCC_C_LANGUAGE_STANDARD = gnu99;
				GCC_NO_COMMON_BLOCKS = YES;
				GCC_WARN_64_TO_32_BIT_CONVERSION = YES;
				GCC_WARN_ABOUT_RETURN_TYPE = YES_ERROR;
				GCC_WARN_UNDECLARED_SELECTOR = YES;
				GCC_WARN_UNINITIALIZED_AUTOS = YES_AGGRESSIVE;
				GCC_WARN_UNUSED_FUNCTION = YES;
				GCC_WARN_UNUSED_VARIABLE = YES;
				IPHONEOS_DEPLOYMENT_TARGET = 8.3;
				MTL_ENABLE_DEBUG_INFO = NO;
				SDKROOT = iphoneos;
				TARGETED_DEVICE_FAMILY = "1,2";
				VALIDATE_PRODUCT = YES;
			};
			name = Release;
		};
		554E72E91B4CD4FF00BD1F0B /* Debug */ = {
			isa = XCBuildConfiguration;
			buildSettings = {
				ASSETCATALOG_COMPILER_APPICON_NAME = AppIcon;
				INFOPLIST_FILE = FMProgressBarViewDemo/Info.plist;
				LD_RUNPATH_SEARCH_PATHS = "$(inherited) @executable_path/Frameworks";
				PRODUCT_NAME = "$(TARGET_NAME)";
			};
			name = Debug;
		};
		554E72EA1B4CD4FF00BD1F0B /* Release */ = {
			isa = XCBuildConfiguration;
			buildSettings = {
				ASSETCATALOG_COMPILER_APPICON_NAME = AppIcon;
				INFOPLIST_FILE = FMProgressBarViewDemo/Info.plist;
				LD_RUNPATH_SEARCH_PATHS = "$(inherited) @executable_path/Frameworks";
				PRODUCT_NAME = "$(TARGET_NAME)";
			};
			name = Release;
		};
		554E72EC1B4CD4FF00BD1F0B /* Debug */ = {
			isa = XCBuildConfiguration;
			buildSettings = {
				BUNDLE_LOADER = "$(TEST_HOST)";
				FRAMEWORK_SEARCH_PATHS = (
					"$(SDKROOT)/Developer/Library/Frameworks",
					"$(inherited)",
				);
				GCC_PREPROCESSOR_DEFINITIONS = (
					"DEBUG=1",
					"$(inherited)",
				);
				INFOPLIST_FILE = FMProgressBarViewDemoTests/Info.plist;
				LD_RUNPATH_SEARCH_PATHS = "$(inherited) @executable_path/Frameworks @loader_path/Frameworks";
				PRODUCT_NAME = "$(TARGET_NAME)";
				TEST_HOST = "$(BUILT_PRODUCTS_DIR)/FMProgressBarViewDemo.app/FMProgressBarViewDemo";
			};
			name = Debug;
		};
		554E72ED1B4CD4FF00BD1F0B /* Release */ = {
			isa = XCBuildConfiguration;
			buildSettings = {
				BUNDLE_LOADER = "$(TEST_HOST)";
				FRAMEWORK_SEARCH_PATHS = (
					"$(SDKROOT)/Developer/Library/Frameworks",
					"$(inherited)",
				);
				INFOPLIST_FILE = FMProgressBarViewDemoTests/Info.plist;
				LD_RUNPATH_SEARCH_PATHS = "$(inherited) @executable_path/Frameworks @loader_path/Frameworks";
				PRODUCT_NAME = "$(TARGET_NAME)";
				TEST_HOST = "$(BUILT_PRODUCTS_DIR)/FMProgressBarViewDemo.app/FMProgressBarViewDemo";
			};
			name = Release;
		};
/* End XCBuildConfiguration section */

/* Begin XCConfigurationList section */
		554E72C41B4CD4FF00BD1F0B /* Build configuration list for PBXProject "FMProgressBarViewDemo" */ = {
			isa = XCConfigurationList;
			buildConfigurations = (
				554E72E61B4CD4FF00BD1F0B /* Debug */,
				554E72E71B4CD4FF00BD1F0B /* Release */,
			);
			defaultConfigurationIsVisible = 0;
			defaultConfigurationName = Release;
		};
		554E72E81B4CD4FF00BD1F0B /* Build configuration list for PBXNativeTarget "FMProgressBarViewDemo" */ = {
			isa = XCConfigurationList;
			buildConfigurations = (
				554E72E91B4CD4FF00BD1F0B /* Debug */,
				554E72EA1B4CD4FF00BD1F0B /* Release */,
			);
			defaultConfigurationIsVisible = 0;
		};
		554E72EB1B4CD4FF00BD1F0B /* Build configuration list for PBXNativeTarget "FMProgressBarViewDemoTests" */ = {
			isa = XCConfigurationList;
			buildConfigurations = (
				554E72EC1B4CD4FF00BD1F0B /* Debug */,
				554E72ED1B4CD4FF00BD1F0B /* Release */,
			);
			defaultConfigurationIsVisible = 0;
		};
/* End XCConfigurationList section */
	};
	rootObject = 554E72C11B4CD4FF00BD1F0B /* Project object */;
}
